
Microsoft Visual Studio Solution File, Format Version 12.00
# Visual Studio 2013
VisualStudioVersion = 12.0.30723.0
MinimumVisualStudioVersion = 10.0.40219.1
Project("{6141683F-8A12-4E36-9623-2EB02B2C2303}") = "WBArchivingSetup", "WBArchivingSetup\WBArchivingSetup.isproj", "{256213E3-4E2B-4CF9-8BED-E7AF2ADB4217}"
EndProject
Global
	GlobalSection(SolutionConfigurationPlatforms) = preSolution
		CD_ROM|Default = CD_ROM|Default
		DVD-5|Default = DVD-5|Default
		SingleImage|Default = SingleImage|Default
	EndGlobalSection
	GlobalSection(ProjectConfigurationPlatforms) = postSolution
		{256213E3-4E2B-4CF9-8BED-E7AF2ADB4217}.CD_ROM|Default.ActiveCfg = CD_ROM
		{256213E3-4E2B-4CF9-8BED-E7AF2ADB4217}.CD_ROM|Default.Build.0 = CD_ROM
		{256213E3-4E2B-4CF9-8BED-E7AF2ADB4217}.DVD-5|Default.ActiveCfg = DVD-5
		{256213E3-4E2B-4CF9-8BED-E7AF2ADB4217}.DVD-5|Default.Build.0 = DVD-5
		{256213E3-4E2B-4CF9-8BED-E7AF2ADB4217}.SingleImage|Default.ActiveCfg = SingleImage
		{256213E3-4E2B-4CF9-8BED-E7AF2ADB4217}.SingleImage|Default.Build.0 = SingleImage
	EndGlobalSection
	GlobalSection(SolutionProperties) = preSolution
		HideSolutionNode = FALSE
	EndGlobalSection
EndGlobal
